# This file is automatically @generated by Cargo.
# It is not intended for manual editing.
version = 3

[[package]]
name = "gdl-cli"
version = "0.1.0"

[[package]]
name = "gdl-core"
version = "0.1.0"

[[package]]
name = "gdl-format"
version = "0.1.0"

[[package]]
name = "gdl-mcp"
version = "0.1.0"

[[package]]
name = "gdl-testkit"
version = "0.1.0"
